
Microsoft Visual Studio Solution File, Format Version 12.00
Project("{FAE04EC0-301F-11D3-BF4B-00C04F79EFBC}") = "apbd_kol1", "apbd_kol1\apbd_kol1.csproj", "{99640C28-5854-478B-B563-EB2AD0F3B76F}"
EndProject
Global
	GlobalSection(SolutionConfigurationPlatforms) = preSolution
		Debug|Any CPU = Debug|Any CPU
		Release|Any CPU = Release|Any CPU
	EndGlobalSection
	GlobalSection(ProjectConfigurationPlatforms) = postSolution
		{99640C28-5854-478B-B563-EB2AD0F3B76F}.Debug|Any CPU.ActiveCfg = Debug|Any CPU
		{99640C28-5854-478B-B563-EB2AD0F3B76F}.Debug|Any CPU.Build.0 = Debug|Any CPU
		{99640C28-5854-478B-B563-EB2AD0F3B76F}.Release|Any CPU.ActiveCfg = Release|Any CPU
		{99640C28-5854-478B-B563-EB2AD0F3B76F}.Release|Any CPU.Build.0 = Release|Any CPU
	EndGlobalSection
EndGlobal
